{
  "object": {
    "pins": [
      {
        "package": "CombineCocoa",
        "repositoryURL": "https://github.com/CombineCommunity/CombineCocoa",
        "state": {
          "branch": null,
          "revision": "4e262c2f9fb1cee1cb3be5717f7e6b55eb823971",
          "version": "0.4.0"
        }
      },
      {
        "package": "CombineExt",
        "repositoryURL": "https://github.com/CombineCommunity/CombineExt.git",
        "state": {
          "branch": null,
          "revision": "38a4d4cb01f8c7750671c786d33dfbea00cbd131",
          "version": "1.6.1"
        }
      },
      {
        "package": "LoremSwiftum",
        "repositoryURL": "https://github.com/lukaskubanek/LoremSwiftum.git",
        "state": {
          "branch": "master",
          "revision": "8942e732e50458cde5dccf9996afa16f29372853",
          "version": null
        }
      }
    ]
  },
  "version": 1
}
