// !$*UTF8*$!
{
	archiveVersion = 1;
	classes = {
	};
	objectVersion = 55;
	objects = {

/* Begin PBXAggregateTarget section */
		E7CE98252861C7DA003C5F11 /* InstallTemplates */ = {
			isa = PBXAggregateTarget;
			buildConfigurationList = E7CE98262861C7DB003C5F11 /* Build configuration list for PBXAggregateTarget "InstallTemplates" */;
			buildPhases = (
				E7CE98292861C7EF003C5F11 /* ShellScript */,
			);
			dependencies = (
			);
			name = InstallTemplates;
			productName = InstallTemplates;
		};
/* End PBXAggregateTarget section */

/* Begin PBXBuildFile section */
		E760299D285E5245006B3237 /* AppDelegate.swift in Sources */ = {isa = PBXBuildFile; fileRef = E760299C285E5245006B3237 /* AppDelegate.swift */; };
		E760299F285E5245006B3237 /* SceneDelegate.swift in Sources */ = {isa = PBXBuildFile; fileRef = E760299E285E5245006B3237 /* SceneDelegate.swift */; };
		E76029A1285E5245006B3237 /* InvoiceListViewController.swift in Sources */ = {isa = PBXBuildFile; fileRef = E76029A0285E5245006B3237 /* InvoiceListViewController.swift */; };
		E76029A4285E5245006B3237 /* Main.storyboard in Resources */ = {isa = PBXBuildFile; fileRef = E76029A2285E5245006B3237 /* Main.storyboard */; };
		E76029A6285E5247006B3237 /* Assets.xcassets in Resources */ = {isa = PBXBuildFile; fileRef = E76029A5285E5247006B3237 /* Assets.xcassets */; };
		E76029A9285E5247006B3237 /* LaunchScreen.storyboard in Resources */ = {isa = PBXBuildFile; fileRef = E76029A7285E5247006B3237 /* LaunchScreen.storyboard */; };
		E76029B4285E5247006B3237 /* InvoiceTests.swift in Sources */ = {isa = PBXBuildFile; fileRef = E76029B3285E5247006B3237 /* InvoiceTests.swift */; };
		E7CE9714285F1CC9003C5F11 /* LocalStorageProtocol.swift in Sources */ = {isa = PBXBuildFile; fileRef = E7CE9713285F1CC9003C5F11 /* LocalStorageProtocol.swift */; };
		E7CE9716285F297E003C5F11 /* InvoiceRecord.swift in Sources */ = {isa = PBXBuildFile; fileRef = E7CE9715285F297E003C5F11 /* InvoiceRecord.swift */; };
		E7CE9718285F68FD003C5F11 /* LocalStorage.swift in Sources */ = {isa = PBXBuildFile; fileRef = E7CE9717285F68FD003C5F11 /* LocalStorage.swift */; };
		E7CE971A285F6943003C5F11 /* InvoiceListViewModelProtocol.swift in Sources */ = {isa = PBXBuildFile; fileRef = E7CE9719285F6943003C5F11 /* InvoiceListViewModelProtocol.swift */; };
		E7CE971C285F694A003C5F11 /* InvoiceListViewModel.swift in Sources */ = {isa = PBXBuildFile; fileRef = E7CE971B285F694A003C5F11 /* InvoiceListViewModel.swift */; };
		E7CE9723285FA140003C5F11 /* InvoiceListRouterProtocol.swift in Sources */ = {isa = PBXBuildFile; fileRef = E7CE9722285FA140003C5F11 /* InvoiceListRouterProtocol.swift */; };
		E7CE9725285FBC98003C5F11 /* RootViewController.swift in Sources */ = {isa = PBXBuildFile; fileRef = E7CE9724285FBC98003C5F11 /* RootViewController.swift */; };
		E7CE9727285FC831003C5F11 /* Configurator.swift in Sources */ = {isa = PBXBuildFile; fileRef = E7CE9726285FC831003C5F11 /* Configurator.swift */; };
		E7CE972A285FDA79003C5F11 /* UIControl+Combine.swift in Sources */ = {isa = PBXBuildFile; fileRef = E7CE9729285FDA79003C5F11 /* UIControl+Combine.swift */; };
		E7CE972C285FDE52003C5F11 /* InvoiceListRouter.swift in Sources */ = {isa = PBXBuildFile; fileRef = E7CE972B285FDE52003C5F11 /* InvoiceListRouter.swift */; };
		E7CE976328618E0F003C5F11 /* CameraViewController.swift in Sources */ = {isa = PBXBuildFile; fileRef = E7CE975E28618E0F003C5F11 /* CameraViewController.swift */; };
		E7CE976428618E0F003C5F11 /* CameraViewModel.swift in Sources */ = {isa = PBXBuildFile; fileRef = E7CE975F28618E0F003C5F11 /* CameraViewModel.swift */; };
		E7CE976528618E0F003C5F11 /* CameraViewModelProtocol.swift in Sources */ = {isa = PBXBuildFile; fileRef = E7CE976028618E0F003C5F11 /* CameraViewModelProtocol.swift */; };
		E7CE976628618E0F003C5F11 /* CameraRouter.swift in Sources */ = {isa = PBXBuildFile; fileRef = E7CE976128618E0F003C5F11 /* CameraRouter.swift */; };
		E7CE976728618E0F003C5F11 /* CameraRouterProtocol.swift in Sources */ = {isa = PBXBuildFile; fileRef = E7CE976228618E0F003C5F11 /* CameraRouterProtocol.swift */; };
		E7CE97FB2861B0EA003C5F11 /* InvoiceListConfigurator.swift in Sources */ = {isa = PBXBuildFile; fileRef = E7CE97FA2861B0EA003C5F11 /* InvoiceListConfigurator.swift */; };
		E7CE98582861CA94003C5F11 /* AddIncoiceFormRouter.swift in Sources */ = {isa = PBXBuildFile; fileRef = E7CE98522861CA94003C5F11 /* AddIncoiceFormRouter.swift */; };
		E7CE98592861CA94003C5F11 /* AddIncoiceFormViewModelProtocol.swift in Sources */ = {isa = PBXBuildFile; fileRef = E7CE98532861CA94003C5F11 /* AddIncoiceFormViewModelProtocol.swift */; };
		E7CE985A2861CA94003C5F11 /* AddIncoiceFormViewController.swift in Sources */ = {isa = PBXBuildFile; fileRef = E7CE98542861CA94003C5F11 /* AddIncoiceFormViewController.swift */; };
		E7CE985B2861CA94003C5F11 /* AddIncoiceFormViewModel.swift in Sources */ = {isa = PBXBuildFile; fileRef = E7CE98552861CA94003C5F11 /* AddIncoiceFormViewModel.swift */; };
		E7CE985C2861CA94003C5F11 /* AddIncoiceFormConfigurator.swift in Sources */ = {isa = PBXBuildFile; fileRef = E7CE98562861CA94003C5F11 /* AddIncoiceFormConfigurator.swift */; };
		E7CE985D2861CA94003C5F11 /* AddIncoiceFormRouterProtocol.swift in Sources */ = {isa = PBXBuildFile; fileRef = E7CE98572861CA94003C5F11 /* AddIncoiceFormRouterProtocol.swift */; };
		E7CE985F2861CF14003C5F11 /* CameraConfigurator.swift in Sources */ = {isa = PBXBuildFile; fileRef = E7CE985E2861CF14003C5F11 /* CameraConfigurator.swift */; };
		E7CE98612861EDA3003C5F11 /* SceneRouter.swift in Sources */ = {isa = PBXBuildFile; fileRef = E7CE98602861EDA3003C5F11 /* SceneRouter.swift */; };
/* End PBXBuildFile section */

/* Begin PBXContainerItemProxy section */
		E76029B0285E5247006B3237 /* PBXContainerItemProxy */ = {
			isa = PBXContainerItemProxy;
			containerPortal = E7602991285E5245006B3237 /* Project object */;
			proxyType = 1;
			remoteGlobalIDString = E7602998285E5245006B3237;
			remoteInfo = Invoice;
		};
/* End PBXContainerItemProxy section */

/* Begin PBXCopyFilesBuildPhase section */
		E7CE9721285F80D5003C5F11 /* Embed Frameworks */ = {
			isa = PBXCopyFilesBuildPhase;
			buildActionMask = 2147483647;
			dstPath = "";
			dstSubfolderSpec = 10;
			files = (
			);
			name = "Embed Frameworks";
			runOnlyForDeploymentPostprocessing = 0;
		};
/* End PBXCopyFilesBuildPhase section */

/* Begin PBXFileReference section */
		E7602999285E5245006B3237 /* Invoice.app */ = {isa = PBXFileReference; explicitFileType = wrapper.application; includeInIndex = 0; path = Invoice.app; sourceTree = BUILT_PRODUCTS_DIR; };
		E760299C285E5245006B3237 /* AppDelegate.swift */ = {isa = PBXFileReference; lastKnownFileType = sourcecode.swift; path = AppDelegate.swift; sourceTree = "<group>"; };
		E760299E285E5245006B3237 /* SceneDelegate.swift */ = {isa = PBXFileReference; lastKnownFileType = sourcecode.swift; path = SceneDelegate.swift; sourceTree = "<group>"; };
		E76029A0285E5245006B3237 /* InvoiceListViewController.swift */ = {isa = PBXFileReference; lastKnownFileType = sourcecode.swift; path = InvoiceListViewController.swift; sourceTree = "<group>"; };
		E76029A3285E5245006B3237 /* Base */ = {isa = PBXFileReference; lastKnownFileType = file.storyboard; name = Base; path = Base.lproj/Main.storyboard; sourceTree = "<group>"; };
		E76029A5285E5247006B3237 /* Assets.xcassets */ = {isa = PBXFileReference; lastKnownFileType = folder.assetcatalog; path = Assets.xcassets; sourceTree = "<group>"; };
		E76029A8285E5247006B3237 /* Base */ = {isa = PBXFileReference; lastKnownFileType = file.storyboard; name = Base; path = Base.lproj/LaunchScreen.storyboard; sourceTree = "<group>"; };
		E76029AA285E5247006B3237 /* Info.plist */ = {isa = PBXFileReference; lastKnownFileType = text.plist.xml; path = Info.plist; sourceTree = "<group>"; };
		E76029AF285E5247006B3237 /* InvoiceTests.xctest */ = {isa = PBXFileReference; explicitFileType = wrapper.cfbundle; includeInIndex = 0; path = InvoiceTests.xctest; sourceTree = BUILT_PRODUCTS_DIR; };
		E76029B3285E5247006B3237 /* InvoiceTests.swift */ = {isa = PBXFileReference; lastKnownFileType = sourcecode.swift; path = InvoiceTests.swift; sourceTree = "<group>"; };
		E76029DC285EA03E006B3237 /* README.md */ = {isa = PBXFileReference; lastKnownFileType = net.daringfireball.markdown; path = README.md; sourceTree = SOURCE_ROOT; };
		E7CE9713285F1CC9003C5F11 /* LocalStorageProtocol.swift */ = {isa = PBXFileReference; lastKnownFileType = sourcecode.swift; path = LocalStorageProtocol.swift; sourceTree = "<group>"; };
		E7CE9715285F297E003C5F11 /* InvoiceRecord.swift */ = {isa = PBXFileReference; lastKnownFileType = sourcecode.swift; path = InvoiceRecord.swift; sourceTree = "<group>"; };
		E7CE9717285F68FD003C5F11 /* LocalStorage.swift */ = {isa = PBXFileReference; lastKnownFileType = sourcecode.swift; path = LocalStorage.swift; sourceTree = "<group>"; };
		E7CE9719285F6943003C5F11 /* InvoiceListViewModelProtocol.swift */ = {isa = PBXFileReference; lastKnownFileType = sourcecode.swift; path = InvoiceListViewModelProtocol.swift; sourceTree = "<group>"; };
		E7CE971B285F694A003C5F11 /* InvoiceListViewModel.swift */ = {isa = PBXFileReference; lastKnownFileType = sourcecode.swift; path = InvoiceListViewModel.swift; sourceTree = "<group>"; };
		E7CE971E285F80D5003C5F11 /* XCTest.framework */ = {isa = PBXFileReference; lastKnownFileType = wrapper.framework; name = XCTest.framework; path = Platforms/iPhoneOS.platform/Developer/Library/Frameworks/XCTest.framework; sourceTree = DEVELOPER_DIR; };
		E7CE9722285FA140003C5F11 /* InvoiceListRouterProtocol.swift */ = {isa = PBXFileReference; lastKnownFileType = sourcecode.swift; path = InvoiceListRouterProtocol.swift; sourceTree = "<group>"; };
		E7CE9724285FBC98003C5F11 /* RootViewController.swift */ = {isa = PBXFileReference; lastKnownFileType = sourcecode.swift; path = RootViewController.swift; sourceTree = "<group>"; };
		E7CE9726285FC831003C5F11 /* Configurator.swift */ = {isa = PBXFileReference; lastKnownFileType = sourcecode.swift; path = Configurator.swift; sourceTree = "<group>"; };
		E7CE9729285FDA79003C5F11 /* UIControl+Combine.swift */ = {isa = PBXFileReference; lastKnownFileType = sourcecode.swift; path = "UIControl+Combine.swift"; sourceTree = "<group>"; };
		E7CE972B285FDE52003C5F11 /* InvoiceListRouter.swift */ = {isa = PBXFileReference; lastKnownFileType = sourcecode.swift; path = InvoiceListRouter.swift; sourceTree = "<group>"; };
		E7CE975E28618E0F003C5F11 /* CameraViewController.swift */ = {isa = PBXFileReference; fileEncoding = 4; lastKnownFileType = sourcecode.swift; path = CameraViewController.swift; sourceTree = "<group>"; };
		E7CE975F28618E0F003C5F11 /* CameraViewModel.swift */ = {isa = PBXFileReference; fileEncoding = 4; lastKnownFileType = sourcecode.swift; path = CameraViewModel.swift; sourceTree = "<group>"; };
		E7CE976028618E0F003C5F11 /* CameraViewModelProtocol.swift */ = {isa = PBXFileReference; fileEncoding = 4; lastKnownFileType = sourcecode.swift; path = CameraViewModelProtocol.swift; sourceTree = "<group>"; };
		E7CE976128618E0F003C5F11 /* CameraRouter.swift */ = {isa = PBXFileReference; fileEncoding = 4; lastKnownFileType = sourcecode.swift; path = CameraRouter.swift; sourceTree = "<group>"; };
		E7CE976228618E0F003C5F11 /* CameraRouterProtocol.swift */ = {isa = PBXFileReference; fileEncoding = 4; lastKnownFileType = sourcecode.swift; path = CameraRouterProtocol.swift; sourceTree = "<group>"; };
		E7CE97FA2861B0EA003C5F11 /* InvoiceListConfigurator.swift */ = {isa = PBXFileReference; lastKnownFileType = sourcecode.swift; path = InvoiceListConfigurator.swift; sourceTree = "<group>"; };
		E7CE981E2861C75F003C5F11 /* ___FILEBASENAME___Router.swift */ = {isa = PBXFileReference; lastKnownFileType = sourcecode.swift; path = "___FILEBASENAME___Router.swift"; sourceTree = "<group>"; };
		E7CE981F2861C75F003C5F11 /* ___FILEBASENAME___ViewModelProtocol.swift */ = {isa = PBXFileReference; lastKnownFileType = sourcecode.swift; path = "___FILEBASENAME___ViewModelProtocol.swift"; sourceTree = "<group>"; };
		E7CE98202861C75F003C5F11 /* ___FILEBASENAME___ViewController.swift */ = {isa = PBXFileReference; lastKnownFileType = sourcecode.swift; path = "___FILEBASENAME___ViewController.swift"; sourceTree = "<group>"; };
		E7CE98212861C75F003C5F11 /* ___FILEBASENAME___ViewModel.swift */ = {isa = PBXFileReference; lastKnownFileType = sourcecode.swift; path = "___FILEBASENAME___ViewModel.swift"; sourceTree = "<group>"; };
		E7CE98222861C75F003C5F11 /* ___FILEBASENAME___Configurator.swift */ = {isa = PBXFileReference; lastKnownFileType = sourcecode.swift; path = "___FILEBASENAME___Configurator.swift"; sourceTree = "<group>"; };
		E7CE98232861C75F003C5F11 /* ___FILEBASENAME___RouterProtocol.swift */ = {isa = PBXFileReference; lastKnownFileType = sourcecode.swift; path = "___FILEBASENAME___RouterProtocol.swift"; sourceTree = "<group>"; };
		E7CE98242861C75F003C5F11 /* TemplateInfo.plist */ = {isa = PBXFileReference; lastKnownFileType = text.plist.xml; path = TemplateInfo.plist; sourceTree = "<group>"; };
		E7CE98522861CA94003C5F11 /* AddIncoiceFormRouter.swift */ = {isa = PBXFileReference; lastKnownFileType = sourcecode.swift; path = AddIncoiceFormRouter.swift; sourceTree = "<group>"; };
		E7CE98532861CA94003C5F11 /* AddIncoiceFormViewModelProtocol.swift */ = {isa = PBXFileReference; lastKnownFileType = sourcecode.swift; path = AddIncoiceFormViewModelProtocol.swift; sourceTree = "<group>"; };
		E7CE98542861CA94003C5F11 /* AddIncoiceFormViewController.swift */ = {isa = PBXFileReference; lastKnownFileType = sourcecode.swift; path = AddIncoiceFormViewController.swift; sourceTree = "<group>"; };
		E7CE98552861CA94003C5F11 /* AddIncoiceFormViewModel.swift */ = {isa = PBXFileReference; lastKnownFileType = sourcecode.swift; path = AddIncoiceFormViewModel.swift; sourceTree = "<group>"; };
		E7CE98562861CA94003C5F11 /* AddIncoiceFormConfigurator.swift */ = {isa = PBXFileReference; lastKnownFileType = sourcecode.swift; path = AddIncoiceFormConfigurator.swift; sourceTree = "<group>"; };
		E7CE98572861CA94003C5F11 /* AddIncoiceFormRouterProtocol.swift */ = {isa = PBXFileReference; lastKnownFileType = sourcecode.swift; path = AddIncoiceFormRouterProtocol.swift; sourceTree = "<group>"; };
		E7CE985E2861CF14003C5F11 /* CameraConfigurator.swift */ = {isa = PBXFileReference; lastKnownFileType = sourcecode.swift; path = CameraConfigurator.swift; sourceTree = "<group>"; };
		E7CE98602861EDA3003C5F11 /* SceneRouter.swift */ = {isa = PBXFileReference; lastKnownFileType = sourcecode.swift; path = SceneRouter.swift; sourceTree = "<group>"; };
/* End PBXFileReference section */

/* Begin PBXFrameworksBuildPhase section */
		E7602996285E5245006B3237 /* Frameworks */ = {
			isa = PBXFrameworksBuildPhase;
			buildActionMask = 2147483647;
			files = (
			);
			runOnlyForDeploymentPostprocessing = 0;
		};
		E76029AC285E5247006B3237 /* Frameworks */ = {
			isa = PBXFrameworksBuildPhase;
			buildActionMask = 2147483647;
			files = (
			);
			runOnlyForDeploymentPostprocessing = 0;
		};
/* End PBXFrameworksBuildPhase section */

/* Begin PBXGroup section */
		E7602990285E5245006B3237 = {
			isa = PBXGroup;
			children = (
				E76029DB285EA023006B3237 /* Meta */,
				E760299B285E5245006B3237 /* Invoice */,
				E76029B2285E5247006B3237 /* InvoiceTests */,
				E760299A285E5245006B3237 /* Products */,
				E7CE971D285F80D5003C5F11 /* Frameworks */,
			);
			sourceTree = "<group>";
		};
		E760299A285E5245006B3237 /* Products */ = {
			isa = PBXGroup;
			children = (
				E7602999285E5245006B3237 /* Invoice.app */,
				E76029AF285E5247006B3237 /* InvoiceTests.xctest */,
			);
			name = Products;
			sourceTree = "<group>";
		};
		E760299B285E5245006B3237 /* Invoice */ = {
			isa = PBXGroup;
			children = (
				E7CE9728285FDA63003C5F11 /* Extension */,
				E7CE9712285F1A4E003C5F11 /* Model */,
				E76029CE285E9DA7006B3237 /* Core */,
				E7CE9711285F1A1D003C5F11 /* Services */,
				E76029CC285E9D40006B3237 /* Scenes */,
				E76029CD285E9D76006B3237 /* Resources */,
				E76029AA285E5247006B3237 /* Info.plist */,
			);
			path = Invoice;
			sourceTree = "<group>";
		};
		E76029B2285E5247006B3237 /* InvoiceTests */ = {
			isa = PBXGroup;
			children = (
				E76029B3285E5247006B3237 /* InvoiceTests.swift */,
			);
			path = InvoiceTests;
			sourceTree = "<group>";
		};
		E76029CC285E9D40006B3237 /* Scenes */ = {
			isa = PBXGroup;
			children = (
				E7CE972D286118AB003C5F11 /* InvoiceDetail */,
				E76029DE285EA197006B3237 /* AddIncoiceForm */,
				E7CE975D28618DF2003C5F11 /* Camera */,
				E76029CF285E9EEF006B3237 /* InvoiceList */,
			);
			path = Scenes;
			sourceTree = "<group>";
		};
		E76029CD285E9D76006B3237 /* Resources */ = {
			isa = PBXGroup;
			children = (
				E76029A2285E5245006B3237 /* Main.storyboard */,
				E76029A5285E5247006B3237 /* Assets.xcassets */,
				E76029A7285E5247006B3237 /* LaunchScreen.storyboard */,
			);
			path = Resources;
			sourceTree = "<group>";
		};
		E76029CE285E9DA7006B3237 /* Core */ = {
			isa = PBXGroup;
			children = (
				E760299C285E5245006B3237 /* AppDelegate.swift */,
				E760299E285E5245006B3237 /* SceneDelegate.swift */,
				E7CE9724285FBC98003C5F11 /* RootViewController.swift */,
				E7CE9726285FC831003C5F11 /* Configurator.swift */,
				E7CE98602861EDA3003C5F11 /* SceneRouter.swift */,
			);
			path = Core;
			sourceTree = "<group>";
		};
		E76029CF285E9EEF006B3237 /* InvoiceList */ = {
			isa = PBXGroup;
			children = (
				E7CE97FA2861B0EA003C5F11 /* InvoiceListConfigurator.swift */,
				E76029A0285E5245006B3237 /* InvoiceListViewController.swift */,
				E7CE971B285F694A003C5F11 /* InvoiceListViewModel.swift */,
				E7CE9719285F6943003C5F11 /* InvoiceListViewModelProtocol.swift */,
				E7CE9722285FA140003C5F11 /* InvoiceListRouterProtocol.swift */,
				E7CE972B285FDE52003C5F11 /* InvoiceListRouter.swift */,
			);
			path = InvoiceList;
			sourceTree = "<group>";
		};
		E76029DB285EA023006B3237 /* Meta */ = {
			isa = PBXGroup;
			children = (
				E7CE97FC2861BC01003C5F11 /* CustomTemplates */,
				E76029DC285EA03E006B3237 /* README.md */,
			);
			path = Meta;
			sourceTree = "<group>";
		};
		E76029DE285EA197006B3237 /* AddIncoiceForm */ = {
			isa = PBXGroup;
			children = (
				E7CE98522861CA94003C5F11 /* AddIncoiceFormRouter.swift */,
				E7CE98532861CA94003C5F11 /* AddIncoiceFormViewModelProtocol.swift */,
				E7CE98542861CA94003C5F11 /* AddIncoiceFormViewController.swift */,
				E7CE98552861CA94003C5F11 /* AddIncoiceFormViewModel.swift */,
				E7CE98562861CA94003C5F11 /* AddIncoiceFormConfigurator.swift */,
				E7CE98572861CA94003C5F11 /* AddIncoiceFormRouterProtocol.swift */,
			);
			path = AddIncoiceForm;
			sourceTree = "<group>";
		};
		E7CE9711285F1A1D003C5F11 /* Services */ = {
			isa = PBXGroup;
			children = (
				E7CE9713285F1CC9003C5F11 /* LocalStorageProtocol.swift */,
				E7CE9717285F68FD003C5F11 /* LocalStorage.swift */,
			);
			path = Services;
			sourceTree = "<group>";
		};
		E7CE9712285F1A4E003C5F11 /* Model */ = {
			isa = PBXGroup;
			children = (
				E7CE9715285F297E003C5F11 /* InvoiceRecord.swift */,
			);
			path = Model;
			sourceTree = "<group>";
		};
		E7CE971D285F80D5003C5F11 /* Frameworks */ = {
			isa = PBXGroup;
			children = (
				E7CE971E285F80D5003C5F11 /* XCTest.framework */,
			);
			name = Frameworks;
			sourceTree = "<group>";
		};
		E7CE9728285FDA63003C5F11 /* Extension */ = {
			isa = PBXGroup;
			children = (
				E7CE9729285FDA79003C5F11 /* UIControl+Combine.swift */,
			);
			path = Extension;
			sourceTree = "<group>";
		};
		E7CE972D286118AB003C5F11 /* InvoiceDetail */ = {
			isa = PBXGroup;
			children = (
			);
			path = InvoiceDetail;
			sourceTree = "<group>";
		};
		E7CE975D28618DF2003C5F11 /* Camera */ = {
			isa = PBXGroup;
			children = (
				E7CE985E2861CF14003C5F11 /* CameraConfigurator.swift */,
				E7CE976128618E0F003C5F11 /* CameraRouter.swift */,
				E7CE976228618E0F003C5F11 /* CameraRouterProtocol.swift */,
				E7CE975E28618E0F003C5F11 /* CameraViewController.swift */,
				E7CE975F28618E0F003C5F11 /* CameraViewModel.swift */,
				E7CE976028618E0F003C5F11 /* CameraViewModelProtocol.swift */,
			);
			path = Camera;
			sourceTree = "<group>";
		};
		E7CE97FC2861BC01003C5F11 /* CustomTemplates */ = {
			isa = PBXGroup;
			children = (
				E7CE981D2861C75F003C5F11 /* Combine Scene.xctemplate */,
			);
			path = CustomTemplates;
			sourceTree = "<group>";
		};
		E7CE981D2861C75F003C5F11 /* Combine Scene.xctemplate */ = {
			isa = PBXGroup;
			children = (
				E7CE981E2861C75F003C5F11 /* ___FILEBASENAME___Router.swift */,
				E7CE981F2861C75F003C5F11 /* ___FILEBASENAME___ViewModelProtocol.swift */,
				E7CE98202861C75F003C5F11 /* ___FILEBASENAME___ViewController.swift */,
				E7CE98212861C75F003C5F11 /* ___FILEBASENAME___ViewModel.swift */,
				E7CE98222861C75F003C5F11 /* ___FILEBASENAME___Configurator.swift */,
				E7CE98232861C75F003C5F11 /* ___FILEBASENAME___RouterProtocol.swift */,
				E7CE98242861C75F003C5F11 /* TemplateInfo.plist */,
			);
			path = "Combine Scene.xctemplate";
			sourceTree = "<group>";
		};
/* End PBXGroup section */

/* Begin PBXNativeTarget section */
		E7602998285E5245006B3237 /* Invoice */ = {
			isa = PBXNativeTarget;
			buildConfigurationList = E76029C3285E5247006B3237 /* Build configuration list for PBXNativeTarget "Invoice" */;
			buildPhases = (
				E7602995285E5245006B3237 /* Sources */,
				E7602996285E5245006B3237 /* Frameworks */,
				E7602997285E5245006B3237 /* Resources */,
				E7CE9721285F80D5003C5F11 /* Embed Frameworks */,
			);
			buildRules = (
			);
			dependencies = (
			);
			name = Invoice;
			packageProductDependencies = (
			);
			productName = Invoice;
			productReference = E7602999285E5245006B3237 /* Invoice.app */;
			productType = "com.apple.product-type.application";
		};
		E76029AE285E5247006B3237 /* InvoiceTests */ = {
			isa = PBXNativeTarget;
			buildConfigurationList = E76029C6285E5247006B3237 /* Build configuration list for PBXNativeTarget "InvoiceTests" */;
			buildPhases = (
				E76029AB285E5247006B3237 /* Sources */,
				E76029AC285E5247006B3237 /* Frameworks */,
				E76029AD285E5247006B3237 /* Resources */,
			);
			buildRules = (
			);
			dependencies = (
				E76029B1285E5247006B3237 /* PBXTargetDependency */,
			);
			name = InvoiceTests;
			productName = InvoiceTests;
			productReference = E76029AF285E5247006B3237 /* InvoiceTests.xctest */;
			productType = "com.apple.product-type.bundle.unit-test";
		};
/* End PBXNativeTarget section */

/* Begin PBXProject section */
		E7602991285E5245006B3237 /* Project object */ = {
			isa = PBXProject;
			attributes = {
				BuildIndependentTargetsInParallel = 1;
				LastSwiftUpdateCheck = 1320;
				LastUpgradeCheck = 1320;
				TargetAttributes = {
					E7602998285E5245006B3237 = {
						CreatedOnToolsVersion = 13.2.1;
					};
					E76029AE285E5247006B3237 = {
						CreatedOnToolsVersion = 13.2.1;
						TestTargetID = E7602998285E5245006B3237;
					};
					E7CE98252861C7DA003C5F11 = {
						CreatedOnToolsVersion = 13.2.1;
					};
				};
			};
			buildConfigurationList = E7602994285E5245006B3237 /* Build configuration list for PBXProject "Invoice" */;
			compatibilityVersion = "Xcode 13.0";
			developmentRegion = en;
			hasScannedForEncodings = 0;
			knownRegions = (
				en,
				Base,
			);
			mainGroup = E7602990285E5245006B3237;
			packageReferences = (
			);
			productRefGroup = E760299A285E5245006B3237 /* Products */;
			projectDirPath = "";
			projectRoot = "";
			targets = (
				E7602998285E5245006B3237 /* Invoice */,
				E76029AE285E5247006B3237 /* InvoiceTests */,
				E7CE98252861C7DA003C5F11 /* InstallTemplates */,
			);
		};
/* End PBXProject section */

/* Begin PBXResourcesBuildPhase section */
		E7602997285E5245006B3237 /* Resources */ = {
			isa = PBXResourcesBuildPhase;
			buildActionMask = 2147483647;
			files = (
				E76029A9285E5247006B3237 /* LaunchScreen.storyboard in Resources */,
				E76029A6285E5247006B3237 /* Assets.xcassets in Resources */,
				E76029A4285E5245006B3237 /* Main.storyboard in Resources */,
			);
			runOnlyForDeploymentPostprocessing = 0;
		};
		E76029AD285E5247006B3237 /* Resources */ = {
			isa = PBXResourcesBuildPhase;
			buildActionMask = 2147483647;
			files = (
			);
			runOnlyForDeploymentPostprocessing = 0;
		};
/* End PBXResourcesBuildPhase section */

/* Begin PBXShellScriptBuildPhase section */
		E7CE98292861C7EF003C5F11 /* ShellScript */ = {
			isa = PBXShellScriptBuildPhase;
			buildActionMask = 2147483647;
			files = (
			);
			inputFileListPaths = (
			);
			inputPaths = (
			);
			outputFileListPaths = (
			);
			outputPaths = (
			);
			runOnlyForDeploymentPostprocessing = 0;
			shellPath = /bin/sh;
			shellScript = "cp -R ./Meta/CustomTemplates/Combine\\ Scene.xctemplate ~/Library/Developer/Xcode/Templates/File\\ Templates/Custom/My\\ Templates/\n";
		};
/* End PBXShellScriptBuildPhase section */

/* Begin PBXSourcesBuildPhase section */
		E7602995285E5245006B3237 /* Sources */ = {
			isa = PBXSourcesBuildPhase;
			buildActionMask = 2147483647;
			files = (
				E7CE9725285FBC98003C5F11 /* RootViewController.swift in Sources */,
				E7CE972A285FDA79003C5F11 /* UIControl+Combine.swift in Sources */,
				E7CE985B2861CA94003C5F11 /* AddIncoiceFormViewModel.swift in Sources */,
				E7CE971A285F6943003C5F11 /* InvoiceListViewModelProtocol.swift in Sources */,
				E7CE985A2861CA94003C5F11 /* AddIncoiceFormViewController.swift in Sources */,
				E7CE985D2861CA94003C5F11 /* AddIncoiceFormRouterProtocol.swift in Sources */,
				E7CE972C285FDE52003C5F11 /* InvoiceListRouter.swift in Sources */,
				E76029A1285E5245006B3237 /* InvoiceListViewController.swift in Sources */,
				E7CE9727285FC831003C5F11 /* Configurator.swift in Sources */,
				E7CE9723285FA140003C5F11 /* InvoiceListRouterProtocol.swift in Sources */,
				E7CE971C285F694A003C5F11 /* InvoiceListViewModel.swift in Sources */,
				E7CE976428618E0F003C5F11 /* CameraViewModel.swift in Sources */,
				E7CE9714285F1CC9003C5F11 /* LocalStorageProtocol.swift in Sources */,
				E7CE97FB2861B0EA003C5F11 /* InvoiceListConfigurator.swift in Sources */,
				E7CE9716285F297E003C5F11 /* InvoiceRecord.swift in Sources */,
				E7CE9718285F68FD003C5F11 /* LocalStorage.swift in Sources */,
				E7CE98612861EDA3003C5F11 /* SceneRouter.swift in Sources */,
				E7CE98582861CA94003C5F11 /* AddIncoiceFormRouter.swift in Sources */,
				E7CE976628618E0F003C5F11 /* CameraRouter.swift in Sources */,
				E7CE976728618E0F003C5F11 /* CameraRouterProtocol.swift in Sources */,
				E7CE985C2861CA94003C5F11 /* AddIncoiceFormConfigurator.swift in Sources */,
				E7CE976328618E0F003C5F11 /* CameraViewController.swift in Sources */,
				E760299D285E5245006B3237 /* AppDelegate.swift in Sources */,
				E760299F285E5245006B3237 /* SceneDelegate.swift in Sources */,
				E7CE985F2861CF14003C5F11 /* CameraConfigurator.swift in Sources */,
				E7CE98592861CA94003C5F11 /* AddIncoiceFormViewModelProtocol.swift in Sources */,
				E7CE976528618E0F003C5F11 /* CameraViewModelProtocol.swift in Sources */,
			);
			runOnlyForDeploymentPostprocessing = 0;
		};
		E76029AB285E5247006B3237 /* Sources */ = {
			isa = PBXSourcesBuildPhase;
			buildActionMask = 2147483647;
			files = (
				E76029B4285E5247006B3237 /* InvoiceTests.swift in Sources */,
			);
			runOnlyForDeploymentPostprocessing = 0;
		};
/* End PBXSourcesBuildPhase section */

/* Begin PBXTargetDependency section */
		E76029B1285E5247006B3237 /* PBXTargetDependency */ = {
			isa = PBXTargetDependency;
			target = E7602998285E5245006B3237 /* Invoice */;
			targetProxy = E76029B0285E5247006B3237 /* PBXContainerItemProxy */;
		};
/* End PBXTargetDependency section */

/* Begin PBXVariantGroup section */
		E76029A2285E5245006B3237 /* Main.storyboard */ = {
			isa = PBXVariantGroup;
			children = (
				E76029A3285E5245006B3237 /* Base */,
			);
			name = Main.storyboard;
			sourceTree = "<group>";
		};
		E76029A7285E5247006B3237 /* LaunchScreen.storyboard */ = {
			isa = PBXVariantGroup;
			children = (
				E76029A8285E5247006B3237 /* Base */,
			);
			name = LaunchScreen.storyboard;
			sourceTree = "<group>";
		};
/* End PBXVariantGroup section */

/* Begin XCBuildConfiguration section */
		E76029C1285E5247006B3237 /* Debug */ = {
			isa = XCBuildConfiguration;
			buildSettings = {
				ALWAYS_SEARCH_USER_PATHS = NO;
				CLANG_ANALYZER_NONNULL = YES;
				CLANG_ANALYZER_NUMBER_OBJECT_CONVERSION = YES_AGGRESSIVE;
				CLANG_CXX_LANGUAGE_STANDARD = "gnu++17";
				CLANG_CXX_LIBRARY = "libc++";
				CLANG_ENABLE_MODULES = YES;
				CLANG_ENABLE_OBJC_ARC = YES;
				CLANG_ENABLE_OBJC_WEAK = YES;
				CLANG_WARN_BLOCK_CAPTURE_AUTORELEASING = YES;
				CLANG_WARN_BOOL_CONVERSION = YES;
				CLANG_WARN_COMMA = YES;
				CLANG_WARN_CONSTANT_CONVERSION = YES;
				CLANG_WARN_DEPRECATED_OBJC_IMPLEMENTATIONS = YES;
				CLANG_WARN_DIRECT_OBJC_ISA_USAGE = YES_ERROR;
				CLANG_WARN_DOCUMENTATION_COMMENTS = YES;
				CLANG_WARN_EMPTY_BODY = YES;
				CLANG_WARN_ENUM_CONVERSION = YES;
				CLANG_WARN_INFINITE_RECURSION = YES;
				CLANG_WARN_INT_CONVERSION = YES;
				CLANG_WARN_NON_LITERAL_NULL_CONVERSION = YES;
				CLANG_WARN_OBJC_IMPLICIT_RETAIN_SELF = YES;
				CLANG_WARN_OBJC_LITERAL_CONVERSION = YES;
				CLANG_WARN_OBJC_ROOT_CLASS = YES_ERROR;
				CLANG_WARN_QUOTED_INCLUDE_IN_FRAMEWORK_HEADER = YES;
				CLANG_WARN_RANGE_LOOP_ANALYSIS = YES;
				CLANG_WARN_STRICT_PROTOTYPES = YES;
				CLANG_WARN_SUSPICIOUS_MOVE = YES;
				CLANG_WARN_UNGUARDED_AVAILABILITY = YES_AGGRESSIVE;
				CLANG_WARN_UNREACHABLE_CODE = YES;
				CLANG_WARN__DUPLICATE_METHOD_MATCH = YES;
				COPY_PHASE_STRIP = NO;
				DEBUG_INFORMATION_FORMAT = dwarf;
				ENABLE_STRICT_OBJC_MSGSEND = YES;
				ENABLE_TESTABILITY = YES;
				GCC_C_LANGUAGE_STANDARD = gnu11;
				GCC_DYNAMIC_NO_PIC = NO;
				GCC_NO_COMMON_BLOCKS = YES;
				GCC_OPTIMIZATION_LEVEL = 0;
				GCC_PREPROCESSOR_DEFINITIONS = (
					"DEBUG=1",
					"$(inherited)",
				);
				GCC_WARN_64_TO_32_BIT_CONVERSION = YES;
				GCC_WARN_ABOUT_RETURN_TYPE = YES_ERROR;
				GCC_WARN_UNDECLARED_SELECTOR = YES;
				GCC_WARN_UNINITIALIZED_AUTOS = YES_AGGRESSIVE;
				GCC_WARN_UNUSED_FUNCTION = YES;
				GCC_WARN_UNUSED_VARIABLE = YES;
				IPHONEOS_DEPLOYMENT_TARGET = 15.2;
				MTL_ENABLE_DEBUG_INFO = INCLUDE_SOURCE;
				MTL_FAST_MATH = YES;
				ONLY_ACTIVE_ARCH = YES;
				SDKROOT = iphoneos;
				SWIFT_ACTIVE_COMPILATION_CONDITIONS = DEBUG;
				SWIFT_OPTIMIZATION_LEVEL = "-Onone";
			};
			name = Debug;
		};
		E76029C2285E5247006B3237 /* Release */ = {
			isa = XCBuildConfiguration;
			buildSettings = {
				ALWAYS_SEARCH_USER_PATHS = NO;
				CLANG_ANALYZER_NONNULL = YES;
				CLANG_ANALYZER_NUMBER_OBJECT_CONVERSION = YES_AGGRESSIVE;
				CLANG_CXX_LANGUAGE_STANDARD = "gnu++17";
				CLANG_CXX_LIBRARY = "libc++";
				CLANG_ENABLE_MODULES = YES;
				CLANG_ENABLE_OBJC_ARC = YES;
				CLANG_ENABLE_OBJC_WEAK = YES;
				CLANG_WARN_BLOCK_CAPTURE_AUTORELEASING = YES;
				CLANG_WARN_BOOL_CONVERSION = YES;
				CLANG_WARN_COMMA = YES;
				CLANG_WARN_CONSTANT_CONVERSION = YES;
				CLANG_WARN_DEPRECATED_OBJC_IMPLEMENTATIONS = YES;
				CLANG_WARN_DIRECT_OBJC_ISA_USAGE = YES_ERROR;
				CLANG_WARN_DOCUMENTATION_COMMENTS = YES;
				CLANG_WARN_EMPTY_BODY = YES;
				CLANG_WARN_ENUM_CONVERSION = YES;
				CLANG_WARN_INFINITE_RECURSION = YES;
				CLANG_WARN_INT_CONVERSION = YES;
				CLANG_WARN_NON_LITERAL_NULL_CONVERSION = YES;
				CLANG_WARN_OBJC_IMPLICIT_RETAIN_SELF = YES;
				CLANG_WARN_OBJC_LITERAL_CONVERSION = YES;
				CLANG_WARN_OBJC_ROOT_CLASS = YES_ERROR;
				CLANG_WARN_QUOTED_INCLUDE_IN_FRAMEWORK_HEADER = YES;
				CLANG_WARN_RANGE_LOOP_ANALYSIS = YES;
				CLANG_WARN_STRICT_PROTOTYPES = YES;
				CLANG_WARN_SUSPICIOUS_MOVE = YES;
				CLANG_WARN_UNGUARDED_AVAILABILITY = YES_AGGRESSIVE;
				CLANG_WARN_UNREACHABLE_CODE = YES;
				CLANG_WARN__DUPLICATE_METHOD_MATCH = YES;
				COPY_PHASE_STRIP = NO;
				DEBUG_INFORMATION_FORMAT = "dwarf-with-dsym";
				ENABLE_NS_ASSERTIONS = NO;
				ENABLE_STRICT_OBJC_MSGSEND = YES;
				GCC_C_LANGUAGE_STANDARD = gnu11;
				GCC_NO_COMMON_BLOCKS = YES;
				GCC_WARN_64_TO_32_BIT_CONVERSION = YES;
				GCC_WARN_ABOUT_RETURN_TYPE = YES_ERROR;
				GCC_WARN_UNDECLARED_SELECTOR = YES;
				GCC_WARN_UNINITIALIZED_AUTOS = YES_AGGRESSIVE;
				GCC_WARN_UNUSED_FUNCTION = YES;
				GCC_WARN_UNUSED_VARIABLE = YES;
				IPHONEOS_DEPLOYMENT_TARGET = 15.2;
				MTL_ENABLE_DEBUG_INFO = NO;
				MTL_FAST_MATH = YES;
				SDKROOT = iphoneos;
				SWIFT_COMPILATION_MODE = wholemodule;
				SWIFT_OPTIMIZATION_LEVEL = "-O";
				VALIDATE_PRODUCT = YES;
			};
			name = Release;
		};
		E76029C4285E5247006B3237 /* Debug */ = {
			isa = XCBuildConfiguration;
			buildSettings = {
				ASSETCATALOG_COMPILER_APPICON_NAME = AppIcon;
				ASSETCATALOG_COMPILER_GLOBAL_ACCENT_COLOR_NAME = AccentColor;
				CODE_SIGN_STYLE = Automatic;
				CURRENT_PROJECT_VERSION = 1;
				DEVELOPMENT_TEAM = NC9E3595Y6;
				ENABLE_TESTING_SEARCH_PATHS = YES;
				GENERATE_INFOPLIST_FILE = YES;
				INFOPLIST_FILE = Invoice/Info.plist;
				INFOPLIST_KEY_CFBundleDisplayName = Receipt;
				INFOPLIST_KEY_UIApplicationSupportsIndirectInputEvents = YES;
				INFOPLIST_KEY_UILaunchStoryboardName = LaunchScreen;
				INFOPLIST_KEY_UISupportedInterfaceOrientations_iPad = "UIInterfaceOrientationPortrait UIInterfaceOrientationPortraitUpsideDown UIInterfaceOrientationLandscapeLeft UIInterfaceOrientationLandscapeRight";
				INFOPLIST_KEY_UISupportedInterfaceOrientations_iPhone = "UIInterfaceOrientationPortrait UIInterfaceOrientationLandscapeLeft UIInterfaceOrientationLandscapeRight";
				IPHONEOS_DEPLOYMENT_TARGET = 14.0;
				LD_RUNPATH_SEARCH_PATHS = (
					"$(inherited)",
					"@executable_path/Frameworks",
				);
				MARKETING_VERSION = 1.0;
				PRODUCT_BUNDLE_IDENTIFIER = sk.calfavladimir.visma.Invoice;
				PRODUCT_NAME = "$(TARGET_NAME)";
				SWIFT_EMIT_LOC_STRINGS = YES;
				SWIFT_VERSION = 5.0;
				TARGETED_DEVICE_FAMILY = "1,2";
			};
			name = Debug;
		};
		E76029C5285E5247006B3237 /* Release */ = {
			isa = XCBuildConfiguration;
			buildSettings = {
				ASSETCATALOG_COMPILER_APPICON_NAME = AppIcon;
				ASSETCATALOG_COMPILER_GLOBAL_ACCENT_COLOR_NAME = AccentColor;
				CODE_SIGN_STYLE = Automatic;
				CURRENT_PROJECT_VERSION = 1;
				DEVELOPMENT_TEAM = NC9E3595Y6;
				ENABLE_TESTING_SEARCH_PATHS = YES;
				GENERATE_INFOPLIST_FILE = YES;
				INFOPLIST_FILE = Invoice/Info.plist;
				INFOPLIST_KEY_CFBundleDisplayName = Receipt;
				INFOPLIST_KEY_UIApplicationSupportsIndirectInputEvents = YES;
				INFOPLIST_KEY_UILaunchStoryboardName = LaunchScreen;
				INFOPLIST_KEY_UISupportedInterfaceOrientations_iPad = "UIInterfaceOrientationPortrait UIInterfaceOrientationPortraitUpsideDown UIInterfaceOrientationLandscapeLeft UIInterfaceOrientationLandscapeRight";
				INFOPLIST_KEY_UISupportedInterfaceOrientations_iPhone = "UIInterfaceOrientationPortrait UIInterfaceOrientationLandscapeLeft UIInterfaceOrientationLandscapeRight";
				IPHONEOS_DEPLOYMENT_TARGET = 14.0;
				LD_RUNPATH_SEARCH_PATHS = (
					"$(inherited)",
					"@executable_path/Frameworks",
				);
				MARKETING_VERSION = 1.0;
				PRODUCT_BUNDLE_IDENTIFIER = sk.calfavladimir.visma.Invoice;
				PRODUCT_NAME = "$(TARGET_NAME)";
				SWIFT_EMIT_LOC_STRINGS = YES;
				SWIFT_VERSION = 5.0;
				TARGETED_DEVICE_FAMILY = "1,2";
			};
			name = Release;
		};
		E76029C7285E5247006B3237 /* Debug */ = {
			isa = XCBuildConfiguration;
			buildSettings = {
				ALWAYS_EMBED_SWIFT_STANDARD_LIBRARIES = YES;
				BUNDLE_LOADER = "$(TEST_HOST)";
				CODE_SIGN_STYLE = Automatic;
				CURRENT_PROJECT_VERSION = 1;
				DEVELOPMENT_TEAM = NC9E3595Y6;
				GENERATE_INFOPLIST_FILE = YES;
				IPHONEOS_DEPLOYMENT_TARGET = 15.2;
				MARKETING_VERSION = 1.0;
				PRODUCT_BUNDLE_IDENTIFIER = sk.calfavladimir.visma.InvoiceTests;
				PRODUCT_NAME = "$(TARGET_NAME)";
				SWIFT_EMIT_LOC_STRINGS = NO;
				SWIFT_VERSION = 5.0;
				TARGETED_DEVICE_FAMILY = "1,2";
				TEST_HOST = "$(BUILT_PRODUCTS_DIR)/Invoice.app/Invoice";
			};
			name = Debug;
		};
		E76029C8285E5247006B3237 /* Release */ = {
			isa = XCBuildConfiguration;
			buildSettings = {
				ALWAYS_EMBED_SWIFT_STANDARD_LIBRARIES = YES;
				BUNDLE_LOADER = "$(TEST_HOST)";
				CODE_SIGN_STYLE = Automatic;
				CURRENT_PROJECT_VERSION = 1;
				DEVELOPMENT_TEAM = NC9E3595Y6;
				GENERATE_INFOPLIST_FILE = YES;
				IPHONEOS_DEPLOYMENT_TARGET = 15.2;
				MARKETING_VERSION = 1.0;
				PRODUCT_BUNDLE_IDENTIFIER = sk.calfavladimir.visma.InvoiceTests;
				PRODUCT_NAME = "$(TARGET_NAME)";
				SWIFT_EMIT_LOC_STRINGS = NO;
				SWIFT_VERSION = 5.0;
				TARGETED_DEVICE_FAMILY = "1,2";
				TEST_HOST = "$(BUILT_PRODUCTS_DIR)/Invoice.app/Invoice";
			};
			name = Release;
		};
		E7CE98272861C7DB003C5F11 /* Debug */ = {
			isa = XCBuildConfiguration;
			buildSettings = {
				CODE_SIGN_STYLE = Automatic;
				DEVELOPMENT_TEAM = NC9E3595Y6;
				PRODUCT_NAME = "$(TARGET_NAME)";
			};
			name = Debug;
		};
		E7CE98282861C7DB003C5F11 /* Release */ = {
			isa = XCBuildConfiguration;
			buildSettings = {
				CODE_SIGN_STYLE = Automatic;
				DEVELOPMENT_TEAM = NC9E3595Y6;
				PRODUCT_NAME = "$(TARGET_NAME)";
			};
			name = Release;
		};
/* End XCBuildConfiguration section */

/* Begin XCConfigurationList section */
		E7602994285E5245006B3237 /* Build configuration list for PBXProject "Invoice" */ = {
			isa = XCConfigurationList;
			buildConfigurations = (
				E76029C1285E5247006B3237 /* Debug */,
				E76029C2285E5247006B3237 /* Release */,
			);
			defaultConfigurationIsVisible = 0;
			defaultConfigurationName = Release;
		};
		E76029C3285E5247006B3237 /* Build configuration list for PBXNativeTarget "Invoice" */ = {
			isa = XCConfigurationList;
			buildConfigurations = (
				E76029C4285E5247006B3237 /* Debug */,
				E76029C5285E5247006B3237 /* Release */,
			);
			defaultConfigurationIsVisible = 0;
			defaultConfigurationName = Release;
		};
		E76029C6285E5247006B3237 /* Build configuration list for PBXNativeTarget "InvoiceTests" */ = {
			isa = XCConfigurationList;
			buildConfigurations = (
				E76029C7285E5247006B3237 /* Debug */,
				E76029C8285E5247006B3237 /* Release */,
			);
			defaultConfigurationIsVisible = 0;
			defaultConfigurationName = Release;
		};
		E7CE98262861C7DB003C5F11 /* Build configuration list for PBXAggregateTarget "InstallTemplates" */ = {
			isa = XCConfigurationList;
			buildConfigurations = (
				E7CE98272861C7DB003C5F11 /* Debug */,
				E7CE98282861C7DB003C5F11 /* Release */,
			);
			defaultConfigurationIsVisible = 0;
			defaultConfigurationName = Release;
		};
/* End XCConfigurationList section */
	};
	rootObject = E7602991285E5245006B3237 /* Project object */;
}
